// !$*UTF8*$!
{
	archiveVersion = 1;
	classes = {
	};
	objectVersion = 50;
	objects = {

/* Begin PBXBuildFile section */
		A92763032101B73C0046C03A /* AppDelegate.swift in Sources */ = {isa = PBXBuildFile; fileRef = A92763022101B73C0046C03A /* AppDelegate.swift */; };
		A92763052101B73C0046C03A /* WelcomeVC.swift in Sources */ = {isa = PBXBuildFile; fileRef = A92763042101B73C0046C03A /* WelcomeVC.swift */; };
		A92763082101B73C0046C03A /* Main.storyboard in Resources */ = {isa = PBXBuildFile; fileRef = A92763062101B73C0046C03A /* Main.storyboard */; };
		A927630A2101B73D0046C03A /* Assets.xcassets in Resources */ = {isa = PBXBuildFile; fileRef = A92763092101B73D0046C03A /* Assets.xcassets */; };
		A927630D2101B73D0046C03A /* LaunchScreen.storyboard in Resources */ = {isa = PBXBuildFile; fileRef = A927630B2101B73D0046C03A /* LaunchScreen.storyboard */; };
		A92763172101C68D0046C03A /* BorderButton.swift in Sources */ = {isa = PBXBuildFile; fileRef = A92763162101C68D0046C03A /* BorderButton.swift */; };
		A950D34A210C2F53006193BC /* SkillVC.swift in Sources */ = {isa = PBXBuildFile; fileRef = A950D349210C2F53006193BC /* SkillVC.swift */; };
		A950D34C210C2F81006193BC /* LeagueVC.swift in Sources */ = {isa = PBXBuildFile; fileRef = A950D34B210C2F81006193BC /* LeagueVC.swift */; };
		A957F4F521101FFD0019FFDB /* Player.swift in Sources */ = {isa = PBXBuildFile; fileRef = A957F4F421101FFD0019FFDB /* Player.swift */; };
/* End PBXBuildFile section */

/* Begin PBXFileReference section */
		A92762FF2101B73C0046C03A /* app-swoosh.app */ = {isa = PBXFileReference; explicitFileType = wrapper.application; includeInIndex = 0; path = "app-swoosh.app"; sourceTree = BUILT_PRODUCTS_DIR; };
		A92763022101B73C0046C03A /* AppDelegate.swift */ = {isa = PBXFileReference; lastKnownFileType = sourcecode.swift; path = AppDelegate.swift; sourceTree = "<group>"; };
		A92763042101B73C0046C03A /* WelcomeVC.swift */ = {isa = PBXFileReference; lastKnownFileType = sourcecode.swift; path = WelcomeVC.swift; sourceTree = "<group>"; };
		A92763072101B73C0046C03A /* Base */ = {isa = PBXFileReference; lastKnownFileType = file.storyboard; name = Base; path = Base.lproj/Main.storyboard; sourceTree = "<group>"; };
		A92763092101B73D0046C03A /* Assets.xcassets */ = {isa = PBXFileReference; lastKnownFileType = folder.assetcatalog; path = Assets.xcassets; sourceTree = "<group>"; };
		A927630C2101B73D0046C03A /* Base */ = {isa = PBXFileReference; lastKnownFileType = file.storyboard; name = Base; path = Base.lproj/LaunchScreen.storyboard; sourceTree = "<group>"; };
		A927630E2101B73D0046C03A /* Info.plist */ = {isa = PBXFileReference; lastKnownFileType = text.plist.xml; path = Info.plist; sourceTree = "<group>"; };
		A92763162101C68D0046C03A /* BorderButton.swift */ = {isa = PBXFileReference; lastKnownFileType = sourcecode.swift; path = BorderButton.swift; sourceTree = "<group>"; };
		A950D349210C2F53006193BC /* SkillVC.swift */ = {isa = PBXFileReference; lastKnownFileType = sourcecode.swift; path = SkillVC.swift; sourceTree = "<group>"; };
		A950D34B210C2F81006193BC /* LeagueVC.swift */ = {isa = PBXFileReference; lastKnownFileType = sourcecode.swift; path = LeagueVC.swift; sourceTree = "<group>"; };
		A957F4F421101FFD0019FFDB /* Player.swift */ = {isa = PBXFileReference; lastKnownFileType = sourcecode.swift; path = Player.swift; sourceTree = "<group>"; };
/* End PBXFileReference section */

/* Begin PBXFrameworksBuildPhase section */
		A92762FC2101B73C0046C03A /* Frameworks */ = {
			isa = PBXFrameworksBuildPhase;
			buildActionMask = 2147483647;
			files = (
			);
			runOnlyForDeploymentPostprocessing = 0;
		};
/* End PBXFrameworksBuildPhase section */

/* Begin PBXGroup section */
		A92762F62101B73C0046C03A = {
			isa = PBXGroup;
			children = (
				A92763012101B73C0046C03A /* app-swoosh */,
				A92763002101B73C0046C03A /* Products */,
			);
			sourceTree = "<group>";
		};
		A92763002101B73C0046C03A /* Products */ = {
			isa = PBXGroup;
			children = (
				A92762FF2101B73C0046C03A /* app-swoosh.app */,
			);
			name = Products;
			sourceTree = "<group>";
		};
		A92763012101B73C0046C03A /* app-swoosh */ = {
			isa = PBXGroup;
			children = (
				A950D346210C2D8E006193BC /* Model */,
				A950D345210C2D7F006193BC /* Controller */,
				A92763152101C61F0046C03A /* View */,
				A92763022101B73C0046C03A /* AppDelegate.swift */,
				A92763062101B73C0046C03A /* Main.storyboard */,
				A92763092101B73D0046C03A /* Assets.xcassets */,
				A927630B2101B73D0046C03A /* LaunchScreen.storyboard */,
				A927630E2101B73D0046C03A /* Info.plist */,
			);
			path = "app-swoosh";
			sourceTree = "<group>";
		};
		A92763152101C61F0046C03A /* View */ = {
			isa = PBXGroup;
			children = (
				A92763162101C68D0046C03A /* BorderButton.swift */,
			);
			path = View;
			sourceTree = "<group>";
		};
		A950D345210C2D7F006193BC /* Controller */ = {
			isa = PBXGroup;
			children = (
				A92763042101B73C0046C03A /* WelcomeVC.swift */,
				A950D34B210C2F81006193BC /* LeagueVC.swift */,
				A950D349210C2F53006193BC /* SkillVC.swift */,
			);
			path = Controller;
			sourceTree = "<group>";
		};
		A950D346210C2D8E006193BC /* Model */ = {
			isa = PBXGroup;
			children = (
				A957F4F421101FFD0019FFDB /* Player.swift */,
			);
			path = Model;
			sourceTree = "<group>";
		};
/* End PBXGroup section */

/* Begin PBXNativeTarget section */
		A92762FE2101B73C0046C03A /* app-swoosh */ = {
			isa = PBXNativeTarget;
			buildConfigurationList = A92763112101B73D0046C03A /* Build configuration list for PBXNativeTarget "app-swoosh" */;
			buildPhases = (
				A92762FB2101B73C0046C03A /* Sources */,
				A92762FC2101B73C0046C03A /* Frameworks */,
				A92762FD2101B73C0046C03A /* Resources */,
			);
			buildRules = (
			);
			dependencies = (
			);
			name = "app-swoosh";
			productName = "app-swoosh";
			productReference = A92762FF2101B73C0046C03A /* app-swoosh.app */;
			productType = "com.apple.product-type.application";
		};
/* End PBXNativeTarget section */

/* Begin PBXProject section */
		A92762F72101B73C0046C03A /* Project object */ = {
			isa = PBXProject;
			attributes = {
				LastSwiftUpdateCheck = 0940;
				LastUpgradeCheck = 0940;
				ORGANIZATIONNAME = "Asherlee Levy";
				TargetAttributes = {
					A92762FE2101B73C0046C03A = {
						CreatedOnToolsVersion = 9.4.1;
					};
				};
			};
			buildConfigurationList = A92762FA2101B73C0046C03A /* Build configuration list for PBXProject "app-swoosh" */;
			compatibilityVersion = "Xcode 9.3";
			developmentRegion = en;
			hasScannedForEncodings = 0;
			knownRegions = (
				en,
				Base,
			);
			mainGroup = A92762F62101B73C0046C03A;
			productRefGroup = A92763002101B73C0046C03A /* Products */;
			projectDirPath = "";
			projectRoot = "";
			targets = (
				A92762FE2101B73C0046C03A /* app-swoosh */,
			);
		};
/* End PBXProject section */

/* Begin PBXResourcesBuildPhase section */
		A92762FD2101B73C0046C03A /* Resources */ = {
			isa = PBXResourcesBuildPhase;
			buildActionMask = 2147483647;
			files = (
				A927630D2101B73D0046C03A /* LaunchScreen.storyboard in Resources */,
				A927630A2101B73D0046C03A /* Assets.xcassets in Resources */,
				A92763082101B73C0046C03A /* Main.storyboard in Resources */,
			);
			runOnlyForDeploymentPostprocessing = 0;
		};
/* End PBXResourcesBuildPhase section */

/* Begin PBXSourcesBuildPhase section */
		A92762FB2101B73C0046C03A /* Sources */ = {
			isa = PBXSourcesBuildPhase;
			buildActionMask = 2147483647;
			files = (
				A950D34C210C2F81006193BC /* LeagueVC.swift in Sources */,
				A92763052101B73C0046C03A /* WelcomeVC.swift in Sources */,
				A92763032101B73C0046C03A /* AppDelegate.swift in Sources */,
				A950D34A210C2F53006193BC /* SkillVC.swift in Sources */,
				A957F4F521101FFD0019FFDB /* Player.swift in Sources */,
				A92763172101C68D0046C03A /* BorderButton.swift in Sources */,
			);
			runOnlyForDeploymentPostprocessing = 0;
		};
/* End PBXSourcesBuildPhase section */

/* Begin PBXVariantGroup section */
		A92763062101B73C0046C03A /* Main.storyboard */ = {
			isa = PBXVariantGroup;
			children = (
				A92763072101B73C0046C03A /* Base */,
			);
			name = Main.storyboard;
			sourceTree = "<group>";
		};
		A927630B2101B73D0046C03A /* LaunchScreen.storyboard */ = {
			isa = PBXVariantGroup;
			children = (
				A927630C2101B73D0046C03A /* Base */,
			);
			name = LaunchScreen.storyboard;
			sourceTree = "<group>";
		};
/* End PBXVariantGroup section */

/* Begin XCBuildConfiguration section */
		A927630F2101B73D0046C03A /* Debug */ = {
			isa = XCBuildConfiguration;
			buildSettings = {
				ALWAYS_SEARCH_USER_PATHS = NO;
				CLANG_ANALYZER_NONNULL = YES;
				CLANG_ANALYZER_NUMBER_OBJECT_CONVERSION = YES_AGGRESSIVE;
				CLANG_CXX_LANGUAGE_STANDARD = "gnu++14";
				CLANG_CXX_LIBRARY = "libc++";
				CLANG_ENABLE_MODULES = YES;
				CLANG_ENABLE_OBJC_ARC = YES;
				CLANG_ENABLE_OBJC_WEAK = YES;
				CLANG_WARN_BLOCK_CAPTURE_AUTORELEASING = YES;
				CLANG_WARN_BOOL_CONVERSION = YES;
				CLANG_WARN_COMMA = YES;
				CLANG_WARN_CONSTANT_CONVERSION = YES;
				CLANG_WARN_DEPRECATED_OBJC_IMPLEMENTATIONS = YES;
				CLANG_WARN_DIRECT_OBJC_ISA_USAGE = YES_ERROR;
				CLANG_WARN_DOCUMENTATION_COMMENTS = YES;
				CLANG_WARN_EMPTY_BODY = YES;
				CLANG_WARN_ENUM_CONVERSION = YES;
				CLANG_WARN_INFINITE_RECURSION = YES;
				CLANG_WARN_INT_CONVERSION = YES;
				CLANG_WARN_NON_LITERAL_NULL_CONVERSION = YES;
				CLANG_WARN_OBJC_IMPLICIT_RETAIN_SELF = YES;
				CLANG_WARN_OBJC_LITERAL_CONVERSION = YES;
				CLANG_WARN_OBJC_ROOT_CLASS = YES_ERROR;
				CLANG_WARN_RANGE_LOOP_ANALYSIS = YES;
				CLANG_WARN_STRICT_PROTOTYPES = YES;
				CLANG_WARN_SUSPICIOUS_MOVE = YES;
				CLANG_WARN_UNGUARDED_AVAILABILITY = YES_AGGRESSIVE;
				CLANG_WARN_UNREACHABLE_CODE = YES;
				CLANG_WARN__DUPLICATE_METHOD_MATCH = YES;
				CODE_SIGN_IDENTITY = "iPhone Developer";
				COPY_PHASE_STRIP = NO;
				DEBUG_INFORMATION_FORMAT = dwarf;
				ENABLE_STRICT_OBJC_MSGSEND = YES;
				ENABLE_TESTABILITY = YES;
				GCC_C_LANGUAGE_STANDARD = gnu11;
				GCC_DYNAMIC_NO_PIC = NO;
				GCC_NO_COMMON_BLOCKS = YES;
				GCC_OPTIMIZATION_LEVEL = 0;
				GCC_PREPROCESSOR_DEFINITIONS = (
					"DEBUG=1",
					"$(inherited)",
				);
				GCC_WARN_64_TO_32_BIT_CONVERSION = YES;
				GCC_WARN_ABOUT_RETURN_TYPE = YES_ERROR;
				GCC_WARN_UNDECLARED_SELECTOR = YES;
				GCC_WARN_UNINITIALIZED_AUTOS = YES_AGGRESSIVE;
				GCC_WARN_UNUSED_FUNCTION = YES;
				GCC_WARN_UNUSED_VARIABLE = YES;
				IPHONEOS_DEPLOYMENT_TARGET = 11.4;
				MTL_ENABLE_DEBUG_INFO = YES;
				ONLY_ACTIVE_ARCH = YES;
				SDKROOT = iphoneos;
				SWIFT_ACTIVE_COMPILATION_CONDITIONS = DEBUG;
				SWIFT_OPTIMIZATION_LEVEL = "-Onone";
			};
			name = Debug;
		};
		A92763102101B73D0046C03A /* Release */ = {
			isa = XCBuildConfiguration;
			buildSettings = {
				ALWAYS_SEARCH_USER_PATHS = NO;
				CLANG_ANALYZER_NONNULL = YES;
				CLANG_ANALYZER_NUMBER_OBJECT_CONVERSION = YES_AGGRESSIVE;
				CLANG_CXX_LANGUAGE_STANDARD = "gnu++14";
				CLANG_CXX_LIBRARY = "libc++";
				CLANG_ENABLE_MODULES = YES;
				CLANG_ENABLE_OBJC_ARC = YES;
				CLANG_ENABLE_OBJC_WEAK = YES;
				CLANG_WARN_BLOCK_CAPTURE_AUTORELEASING = YES;
				CLANG_WARN_BOOL_CONVERSION = YES;
				CLANG_WARN_COMMA = YES;
				CLANG_WARN_CONSTANT_CONVERSION = YES;
				CLANG_WARN_DEPRECATED_OBJC_IMPLEMENTATIONS = YES;
				CLANG_WARN_DIRECT_OBJC_ISA_USAGE = YES_ERROR;
				CLANG_WARN_DOCUMENTATION_COMMENTS = YES;
				CLANG_WARN_EMPTY_BODY = YES;
				CLANG_WARN_ENUM_CONVERSION = YES;
				CLANG_WARN_INFINITE_RECURSION = YES;
				CLANG_WARN_INT_CONVERSION = YES;
				CLANG_WARN_NON_LITERAL_NULL_CONVERSION = YES;
				CLANG_WARN_OBJC_IMPLICIT_RETAIN_SELF = YES;
				CLANG_WARN_OBJC_LITERAL_CONVERSION = YES;
				CLANG_WARN_OBJC_ROOT_CLASS = YES_ERROR;
				CLANG_WARN_RANGE_LOOP_ANALYSIS = YES;
				CLANG_WARN_STRICT_PROTOTYPES = YES;
				CLANG_WARN_SUSPICIOUS_MOVE = YES;
				CLANG_WARN_UNGUARDED_AVAILABILITY = YES_AGGRESSIVE;
				CLANG_WARN_UNREACHABLE_CODE = YES;
				CLANG_WARN__DUPLICATE_METHOD_MATCH = YES;
				CODE_SIGN_IDENTITY = "iPhone Developer";
				COPY_PHASE_STRIP = NO;
				DEBUG_INFORMATION_FORMAT = "dwarf-with-dsym";
				ENABLE_NS_ASSERTIONS = NO;
				ENABLE_STRICT_OBJC_MSGSEND = YES;
				GCC_C_LANGUAGE_STANDARD = gnu11;
				GCC_NO_COMMON_BLOCKS = YES;
				GCC_WARN_64_TO_32_BIT_CONVERSION = YES;
				GCC_WARN_ABOUT_RETURN_TYPE = YES_ERROR;
				GCC_WARN_UNDECLARED_SELECTOR = YES;
				GCC_WARN_UNINITIALIZED_AUTOS = YES_AGGRESSIVE;
				GCC_WARN_UNUSED_FUNCTION = YES;
				GCC_WARN_UNUSED_VARIABLE = YES;
				IPHONEOS_DEPLOYMENT_TARGET = 11.4;
				MTL_ENABLE_DEBUG_INFO = NO;
				SDKROOT = iphoneos;
				SWIFT_COMPILATION_MODE = wholemodule;
				SWIFT_OPTIMIZATION_LEVEL = "-O";
				VALIDATE_PRODUCT = YES;
			};
			name = Release;
		};
		A92763122101B73D0046C03A /* Debug */ = {
			isa = XCBuildConfiguration;
			buildSettings = {
				ASSETCATALOG_COMPILER_APPICON_NAME = AppIcon;
				CODE_SIGN_STYLE = Automatic;
				DEVELOPMENT_TEAM = 9UR288L6T6;
				INFOPLIST_FILE = "app-swoosh/Info.plist";
				LD_RUNPATH_SEARCH_PATHS = (
					"$(inherited)",
					"@executable_path/Frameworks",
				);
				PRODUCT_BUNDLE_IDENTIFIER = "com.asherleelevy.app-swoosh";
				PRODUCT_NAME = "$(TARGET_NAME)";
				SWIFT_VERSION = 4.0;
				TARGETED_DEVICE_FAMILY = "1,2";
			};
			name = Debug;
		};
		A92763132101B73D0046C03A /* Release */ = {
			isa = XCBuildConfiguration;
			buildSettings = {
				ASSETCATALOG_COMPILER_APPICON_NAME = AppIcon;
				CODE_SIGN_STYLE = Automatic;
				DEVELOPMENT_TEAM = 9UR288L6T6;
				INFOPLIST_FILE = "app-swoosh/Info.plist";
				LD_RUNPATH_SEARCH_PATHS = (
					"$(inherited)",
					"@executable_path/Frameworks",
				);
				PRODUCT_BUNDLE_IDENTIFIER = "com.asherleelevy.app-swoosh";
				PRODUCT_NAME = "$(TARGET_NAME)";
				SWIFT_VERSION = 4.0;
				TARGETED_DEVICE_FAMILY = "1,2";
			};
			name = Release;
		};
/* End XCBuildConfiguration section */

/* Begin XCConfigurationList section */
		A92762FA2101B73C0046C03A /* Build configuration list for PBXProject "app-swoosh" */ = {
			isa = XCConfigurationList;
			buildConfigurations = (
				A927630F2101B73D0046C03A /* Debug */,
				A92763102101B73D0046C03A /* Release */,
			);
			defaultConfigurationIsVisible = 0;
			defaultConfigurationName = Release;
		};
		A92763112101B73D0046C03A /* Build configuration list for PBXNativeTarget "app-swoosh" */ = {
			isa = XCConfigurationList;
			buildConfigurations = (
				A92763122101B73D0046C03A /* Debug */,
				A92763132101B73D0046C03A /* Release */,
			);
			defaultConfigurationIsVisible = 0;
			defaultConfigurationName = Release;
		};
/* End XCConfigurationList section */
	};
	rootObject = A92762F72101B73C0046C03A /* Project object */;
}
